
Microsoft Visual Studio Solution File, Format Version 12.00
# Visual Studio Version 17
VisualStudioVersion = 17.3.32929.385
MinimumVisualStudioVersion = 10.0.40219.1
Project("{FAE04EC0-301F-11D3-BF4B-00C04F79EFBC}") = "DBTest", "DBTest\DBTest.csproj", "{6F9B99E4-8DFC-4D1F-A0F4-DECB2C934505}"
EndProject
Global
	GlobalSection(SolutionConfigurationPlatforms) = preSolution
		Debug|Any CPU = Debug|Any CPU
		Release|Any CPU = Release|Any CPU
	EndGlobalSection
	GlobalSection(ProjectConfigurationPlatforms) = postSolution
		{6F9B99E4-8DFC-4D1F-A0F4-DECB2C934505}.Debug|Any CPU.ActiveCfg = Debug|Any CPU
		{6F9B99E4-8DFC-4D1F-A0F4-DECB2C934505}.Debug|Any CPU.Build.0 = Debug|Any CPU
		{6F9B99E4-8DFC-4D1F-A0F4-DECB2C934505}.Release|Any CPU.ActiveCfg = Release|Any CPU
		{6F9B99E4-8DFC-4D1F-A0F4-DECB2C934505}.Release|Any CPU.Build.0 = Release|Any CPU
	EndGlobalSection
	GlobalSection(SolutionProperties) = preSolution
		HideSolutionNode = FALSE
	EndGlobalSection
	GlobalSection(ExtensibilityGlobals) = postSolution
		SolutionGuid = {DECB1102-9CAF-4690-A6AA-FCC5B1BFA199}
	EndGlobalSection
EndGlobal
